
Microsoft Visual Studio Solution File, Format Version 12.00
# Visual Studio Version 17
VisualStudioVersion = 17.0.31903.59
MinimumVisualStudioVersion = 10.0.40219.1
Project("{FAE04EC0-301F-11D3-BF4B-00C04F79EFBC}") = "AdventOfCode", "src\AdvantOfCode\AdventOfCode.csproj", "{F17CA639-3C2C-4A3F-92F4-E8AAD9717444}"
EndProject
Project("{FAE04EC0-301F-11D3-BF4B-00C04F79EFBC}") = "AdventOfCode.Test", "test\AdventOfCode.Test\AdventOfCode.Test.csproj", "{68C45710-80B8-4E91-B146-D77F6773CB2E}"
EndProject
Global
	GlobalSection(SolutionConfigurationPlatforms) = preSolution
		Debug|Any CPU = Debug|Any CPU
		Release|Any CPU = Release|Any CPU
	EndGlobalSection
	GlobalSection(ProjectConfigurationPlatforms) = postSolution
		{F17CA639-3C2C-4A3F-92F4-E8AAD9717444}.Debug|Any CPU.ActiveCfg = Debug|Any CPU
		{F17CA639-3C2C-4A3F-92F4-E8AAD9717444}.Debug|Any CPU.Build.0 = Debug|Any CPU
		{F17CA639-3C2C-4A3F-92F4-E8AAD9717444}.Release|Any CPU.ActiveCfg = Release|Any CPU
		{F17CA639-3C2C-4A3F-92F4-E8AAD9717444}.Release|Any CPU.Build.0 = Release|Any CPU
		{68C45710-80B8-4E91-B146-D77F6773CB2E}.Debug|Any CPU.ActiveCfg = Debug|Any CPU
		{68C45710-80B8-4E91-B146-D77F6773CB2E}.Debug|Any CPU.Build.0 = Debug|Any CPU
		{68C45710-80B8-4E91-B146-D77F6773CB2E}.Release|Any CPU.ActiveCfg = Release|Any CPU
		{68C45710-80B8-4E91-B146-D77F6773CB2E}.Release|Any CPU.Build.0 = Release|Any CPU
	EndGlobalSection
	GlobalSection(SolutionProperties) = preSolution
		HideSolutionNode = FALSE
	EndGlobalSection
	GlobalSection(ExtensibilityGlobals) = postSolution
		SolutionGuid = {A50AD571-45B1-4086-8A9D-031B0EB5BE63}
	EndGlobalSection
EndGlobal
