
Microsoft Visual Studio Solution File, Format Version 12.00
# Visual Studio Version 17
VisualStudioVersion = 17.0.31903.59
MinimumVisualStudioVersion = 10.0.40219.1
Project("{2150E333-8FDC-42A3-9474-1A3956D46DE8}") = "src", "src", "{9C4F03D2-DA49-4494-B351-F091C1B5ED62}"
EndProject
Project("{2150E333-8FDC-42A3-9474-1A3956D46DE8}") = "test", "test", "{FE7F7E2A-564B-41F0-982E-54467036CA4C}"
EndProject
Project("{FAE04EC0-301F-11D3-BF4B-00C04F79EFBC}") = "AdventOfCode", "src\AdvantOfCode\AdventOfCode.csproj", "{610589F4-7C3A-4E34-A3AF-DA3CAE8F1DB6}"
EndProject
Project("{FAE04EC0-301F-11D3-BF4B-00C04F79EFBC}") = "AdventOfCode.Test", "test\AdventOfCode.Test\AdventOfCode.Test.csproj", "{317B4D70-9CCE-4186-BC3F-B6693F1FB2CA}"
EndProject
Project("{FAE04EC0-301F-11D3-BF4B-00C04F79EFBC}") = "AdventOfCode.Client", "src\AdventOfCode.Client\AdventOfCode.Client.csproj", "{B661C8EA-204E-4CF8-9BE3-7CC41CD202DB}"
EndProject
Project("{FAE04EC0-301F-11D3-BF4B-00C04F79EFBC}") = "AdventOfCode.MQTT", "src\AdventOfCode.MQTT\AdventOfCode.MQTT.csproj", "{6BC1B025-706C-42FD-94BC-F2AE6F89418B}"
EndProject
Project("{F2A71F9B-5D33-465A-A702-920D77279786}") = "AdventOfCode.Functional", "src\AdventOfCode.Functional\AdventOfCode.Functional.fsproj", "{E37B4FE5-D498-4AA0-909C-88C0EB3A7049}"
EndProject
Global
	GlobalSection(SolutionConfigurationPlatforms) = preSolution
		Debug|Any CPU = Debug|Any CPU
		Release|Any CPU = Release|Any CPU
	EndGlobalSection
	GlobalSection(ProjectConfigurationPlatforms) = postSolution
		{610589F4-7C3A-4E34-A3AF-DA3CAE8F1DB6}.Debug|Any CPU.ActiveCfg = Debug|Any CPU
		{610589F4-7C3A-4E34-A3AF-DA3CAE8F1DB6}.Debug|Any CPU.Build.0 = Debug|Any CPU
		{610589F4-7C3A-4E34-A3AF-DA3CAE8F1DB6}.Release|Any CPU.ActiveCfg = Release|Any CPU
		{610589F4-7C3A-4E34-A3AF-DA3CAE8F1DB6}.Release|Any CPU.Build.0 = Release|Any CPU
		{317B4D70-9CCE-4186-BC3F-B6693F1FB2CA}.Debug|Any CPU.ActiveCfg = Debug|Any CPU
		{317B4D70-9CCE-4186-BC3F-B6693F1FB2CA}.Debug|Any CPU.Build.0 = Debug|Any CPU
		{317B4D70-9CCE-4186-BC3F-B6693F1FB2CA}.Release|Any CPU.ActiveCfg = Release|Any CPU
		{317B4D70-9CCE-4186-BC3F-B6693F1FB2CA}.Release|Any CPU.Build.0 = Release|Any CPU
		{B661C8EA-204E-4CF8-9BE3-7CC41CD202DB}.Debug|Any CPU.ActiveCfg = Debug|Any CPU
		{B661C8EA-204E-4CF8-9BE3-7CC41CD202DB}.Debug|Any CPU.Build.0 = Debug|Any CPU
		{B661C8EA-204E-4CF8-9BE3-7CC41CD202DB}.Release|Any CPU.ActiveCfg = Release|Any CPU
		{B661C8EA-204E-4CF8-9BE3-7CC41CD202DB}.Release|Any CPU.Build.0 = Release|Any CPU
		{6BC1B025-706C-42FD-94BC-F2AE6F89418B}.Debug|Any CPU.ActiveCfg = Debug|Any CPU
		{6BC1B025-706C-42FD-94BC-F2AE6F89418B}.Debug|Any CPU.Build.0 = Debug|Any CPU
		{6BC1B025-706C-42FD-94BC-F2AE6F89418B}.Release|Any CPU.ActiveCfg = Release|Any CPU
		{6BC1B025-706C-42FD-94BC-F2AE6F89418B}.Release|Any CPU.Build.0 = Release|Any CPU
		{E37B4FE5-D498-4AA0-909C-88C0EB3A7049}.Debug|Any CPU.ActiveCfg = Debug|Any CPU
		{E37B4FE5-D498-4AA0-909C-88C0EB3A7049}.Debug|Any CPU.Build.0 = Debug|Any CPU
		{E37B4FE5-D498-4AA0-909C-88C0EB3A7049}.Release|Any CPU.ActiveCfg = Release|Any CPU
		{E37B4FE5-D498-4AA0-909C-88C0EB3A7049}.Release|Any CPU.Build.0 = Release|Any CPU
	EndGlobalSection
	GlobalSection(SolutionProperties) = preSolution
		HideSolutionNode = FALSE
	EndGlobalSection
	GlobalSection(ExtensibilityGlobals) = postSolution
		SolutionGuid = {A50AD571-45B1-4086-8A9D-031B0EB5BE63}
	EndGlobalSection
	GlobalSection(NestedProjects) = preSolution
		{610589F4-7C3A-4E34-A3AF-DA3CAE8F1DB6} = {9C4F03D2-DA49-4494-B351-F091C1B5ED62}
		{317B4D70-9CCE-4186-BC3F-B6693F1FB2CA} = {FE7F7E2A-564B-41F0-982E-54467036CA4C}
		{B661C8EA-204E-4CF8-9BE3-7CC41CD202DB} = {9C4F03D2-DA49-4494-B351-F091C1B5ED62}
		{6BC1B025-706C-42FD-94BC-F2AE6F89418B} = {9C4F03D2-DA49-4494-B351-F091C1B5ED62}
		{E37B4FE5-D498-4AA0-909C-88C0EB3A7049} = {9C4F03D2-DA49-4494-B351-F091C1B5ED62}
	EndGlobalSection
EndGlobal
