
Microsoft Visual Studio Solution File, Format Version 12.00
# Visual Studio Version 16
VisualStudioVersion = 16.0.29318.209
MinimumVisualStudioVersion = 10.0.40219.1
Project("{9A19103F-16F7-4668-BE54-9A1E7A4F7556}") = "AdventtOfCoding", "AdventtOfCoding\AdventtOfCoding.csproj", "{E4968BE5-F914-405D-B4B4-E960911C239C}"
EndProject
Project("{9A19103F-16F7-4668-BE54-9A1E7A4F7556}") = "Day1", "Day1\Day1.csproj", "{3CC87003-8F26-4278-B4DB-3AAF3854B14F}"
EndProject
Project("{FAE04EC0-301F-11D3-BF4B-00C04F79EFBC}") = "Day2", "Day2\Day2.csproj", "{53FC67EE-142F-4734-BA51-C083E686437B}"
EndProject
Project("{FAE04EC0-301F-11D3-BF4B-00C04F79EFBC}") = "Day3", "Day3\Day3.csproj", "{FDAB6645-A62B-4426-8CCD-C638609AD0DA}"
EndProject
Project("{FAE04EC0-301F-11D3-BF4B-00C04F79EFBC}") = "Day4", "Day4\Day4.csproj", "{5EEB2D57-8451-4E22-828F-1F465EBF5F6F}"
EndProject
Project("{FAE04EC0-301F-11D3-BF4B-00C04F79EFBC}") = "Day15", "Day15\Day15.csproj", "{02DE3FED-8467-44AE-896D-ED85FAD2EDAD}"
EndProject
Project("{FAE04EC0-301F-11D3-BF4B-00C04F79EFBC}") = "Day10", "Day10\Day10.csproj", "{3B28C6F4-6DAD-4BB8-87EC-D60F204ADCBF}"
EndProject
Project("{FAE04EC0-301F-11D3-BF4B-00C04F79EFBC}") = "Day11", "Day11\Day11.csproj", "{E0E0D7CF-5B09-4ACA-9ACF-B6D60C28F168}"
EndProject
Project("{FAE04EC0-301F-11D3-BF4B-00C04F79EFBC}") = "Day12", "Day12\Day12.csproj", "{C4E33542-156B-4589-816A-31C8385E1DBD}"
EndProject
Project("{FAE04EC0-301F-11D3-BF4B-00C04F79EFBC}") = "Day13", "Day13\Day13.csproj", "{135A6414-EAA8-40CF-896B-8081C1EAFA53}"
EndProject
Project("{FAE04EC0-301F-11D3-BF4B-00C04F79EFBC}") = "Day14", "Day14\Day14.csproj", "{0E82E90E-35A2-4675-A867-82CA65EF5285}"
EndProject
Project("{FAE04EC0-301F-11D3-BF4B-00C04F79EFBC}") = "Day5", "Day5\Day5.csproj", "{5FA2496C-1CB7-4C64-8E48-5B8CDF6D1448}"
EndProject
Project("{FAE04EC0-301F-11D3-BF4B-00C04F79EFBC}") = "Day6", "Day6\Day6.csproj", "{BC6EE7DF-7741-4E08-A7E3-89123B10EBBC}"
EndProject
Project("{FAE04EC0-301F-11D3-BF4B-00C04F79EFBC}") = "Day7", "Day7\Day7.csproj", "{E736BC6F-9B1C-4FC1-A03C-23EC5CA3C723}"
EndProject
Project("{FAE04EC0-301F-11D3-BF4B-00C04F79EFBC}") = "Day8", "Day8\Day8.csproj", "{7EA0C459-D3DA-4F9A-8937-B21E166102CA}"
EndProject
Project("{FAE04EC0-301F-11D3-BF4B-00C04F79EFBC}") = "Day9", "Day9\Day9.csproj", "{9B53530E-7F7A-4A6D-B645-55AADA5D1EBC}"
EndProject
Global
	GlobalSection(SolutionConfigurationPlatforms) = preSolution
		Debug|Any CPU = Debug|Any CPU
		Release|Any CPU = Release|Any CPU
	EndGlobalSection
	GlobalSection(ProjectConfigurationPlatforms) = postSolution
		{E4968BE5-F914-405D-B4B4-E960911C239C}.Debug|Any CPU.ActiveCfg = Debug|Any CPU
		{E4968BE5-F914-405D-B4B4-E960911C239C}.Debug|Any CPU.Build.0 = Debug|Any CPU
		{E4968BE5-F914-405D-B4B4-E960911C239C}.Release|Any CPU.ActiveCfg = Release|Any CPU
		{E4968BE5-F914-405D-B4B4-E960911C239C}.Release|Any CPU.Build.0 = Release|Any CPU
		{3CC87003-8F26-4278-B4DB-3AAF3854B14F}.Debug|Any CPU.ActiveCfg = Debug|Any CPU
		{3CC87003-8F26-4278-B4DB-3AAF3854B14F}.Debug|Any CPU.Build.0 = Debug|Any CPU
		{3CC87003-8F26-4278-B4DB-3AAF3854B14F}.Release|Any CPU.ActiveCfg = Release|Any CPU
		{3CC87003-8F26-4278-B4DB-3AAF3854B14F}.Release|Any CPU.Build.0 = Release|Any CPU
		{53FC67EE-142F-4734-BA51-C083E686437B}.Debug|Any CPU.ActiveCfg = Debug|Any CPU
		{53FC67EE-142F-4734-BA51-C083E686437B}.Debug|Any CPU.Build.0 = Debug|Any CPU
		{53FC67EE-142F-4734-BA51-C083E686437B}.Release|Any CPU.ActiveCfg = Release|Any CPU
		{53FC67EE-142F-4734-BA51-C083E686437B}.Release|Any CPU.Build.0 = Release|Any CPU
		{FDAB6645-A62B-4426-8CCD-C638609AD0DA}.Debug|Any CPU.ActiveCfg = Debug|Any CPU
		{FDAB6645-A62B-4426-8CCD-C638609AD0DA}.Debug|Any CPU.Build.0 = Debug|Any CPU
		{FDAB6645-A62B-4426-8CCD-C638609AD0DA}.Release|Any CPU.ActiveCfg = Release|Any CPU
		{FDAB6645-A62B-4426-8CCD-C638609AD0DA}.Release|Any CPU.Build.0 = Release|Any CPU
		{5EEB2D57-8451-4E22-828F-1F465EBF5F6F}.Debug|Any CPU.ActiveCfg = Debug|Any CPU
		{5EEB2D57-8451-4E22-828F-1F465EBF5F6F}.Debug|Any CPU.Build.0 = Debug|Any CPU
		{5EEB2D57-8451-4E22-828F-1F465EBF5F6F}.Release|Any CPU.ActiveCfg = Release|Any CPU
		{5EEB2D57-8451-4E22-828F-1F465EBF5F6F}.Release|Any CPU.Build.0 = Release|Any CPU
		{02DE3FED-8467-44AE-896D-ED85FAD2EDAD}.Debug|Any CPU.ActiveCfg = Debug|Any CPU
		{02DE3FED-8467-44AE-896D-ED85FAD2EDAD}.Debug|Any CPU.Build.0 = Debug|Any CPU
		{02DE3FED-8467-44AE-896D-ED85FAD2EDAD}.Release|Any CPU.ActiveCfg = Release|Any CPU
		{02DE3FED-8467-44AE-896D-ED85FAD2EDAD}.Release|Any CPU.Build.0 = Release|Any CPU
		{3B28C6F4-6DAD-4BB8-87EC-D60F204ADCBF}.Debug|Any CPU.ActiveCfg = Debug|Any CPU
		{3B28C6F4-6DAD-4BB8-87EC-D60F204ADCBF}.Debug|Any CPU.Build.0 = Debug|Any CPU
		{3B28C6F4-6DAD-4BB8-87EC-D60F204ADCBF}.Release|Any CPU.ActiveCfg = Release|Any CPU
		{3B28C6F4-6DAD-4BB8-87EC-D60F204ADCBF}.Release|Any CPU.Build.0 = Release|Any CPU
		{E0E0D7CF-5B09-4ACA-9ACF-B6D60C28F168}.Debug|Any CPU.ActiveCfg = Debug|Any CPU
		{E0E0D7CF-5B09-4ACA-9ACF-B6D60C28F168}.Debug|Any CPU.Build.0 = Debug|Any CPU
		{E0E0D7CF-5B09-4ACA-9ACF-B6D60C28F168}.Release|Any CPU.ActiveCfg = Release|Any CPU
		{E0E0D7CF-5B09-4ACA-9ACF-B6D60C28F168}.Release|Any CPU.Build.0 = Release|Any CPU
		{C4E33542-156B-4589-816A-31C8385E1DBD}.Debug|Any CPU.ActiveCfg = Debug|Any CPU
		{C4E33542-156B-4589-816A-31C8385E1DBD}.Debug|Any CPU.Build.0 = Debug|Any CPU
		{C4E33542-156B-4589-816A-31C8385E1DBD}.Release|Any CPU.ActiveCfg = Release|Any CPU
		{C4E33542-156B-4589-816A-31C8385E1DBD}.Release|Any CPU.Build.0 = Release|Any CPU
		{135A6414-EAA8-40CF-896B-8081C1EAFA53}.Debug|Any CPU.ActiveCfg = Debug|Any CPU
		{135A6414-EAA8-40CF-896B-8081C1EAFA53}.Debug|Any CPU.Build.0 = Debug|Any CPU
		{135A6414-EAA8-40CF-896B-8081C1EAFA53}.Release|Any CPU.ActiveCfg = Release|Any CPU
		{135A6414-EAA8-40CF-896B-8081C1EAFA53}.Release|Any CPU.Build.0 = Release|Any CPU
		{0E82E90E-35A2-4675-A867-82CA65EF5285}.Debug|Any CPU.ActiveCfg = Debug|Any CPU
		{0E82E90E-35A2-4675-A867-82CA65EF5285}.Debug|Any CPU.Build.0 = Debug|Any CPU
		{0E82E90E-35A2-4675-A867-82CA65EF5285}.Release|Any CPU.ActiveCfg = Release|Any CPU
		{0E82E90E-35A2-4675-A867-82CA65EF5285}.Release|Any CPU.Build.0 = Release|Any CPU
		{5FA2496C-1CB7-4C64-8E48-5B8CDF6D1448}.Debug|Any CPU.ActiveCfg = Debug|Any CPU
		{5FA2496C-1CB7-4C64-8E48-5B8CDF6D1448}.Debug|Any CPU.Build.0 = Debug|Any CPU
		{5FA2496C-1CB7-4C64-8E48-5B8CDF6D1448}.Release|Any CPU.ActiveCfg = Release|Any CPU
		{5FA2496C-1CB7-4C64-8E48-5B8CDF6D1448}.Release|Any CPU.Build.0 = Release|Any CPU
		{BC6EE7DF-7741-4E08-A7E3-89123B10EBBC}.Debug|Any CPU.ActiveCfg = Debug|Any CPU
		{BC6EE7DF-7741-4E08-A7E3-89123B10EBBC}.Debug|Any CPU.Build.0 = Debug|Any CPU
		{BC6EE7DF-7741-4E08-A7E3-89123B10EBBC}.Release|Any CPU.ActiveCfg = Release|Any CPU
		{BC6EE7DF-7741-4E08-A7E3-89123B10EBBC}.Release|Any CPU.Build.0 = Release|Any CPU
		{E736BC6F-9B1C-4FC1-A03C-23EC5CA3C723}.Debug|Any CPU.ActiveCfg = Debug|Any CPU
		{E736BC6F-9B1C-4FC1-A03C-23EC5CA3C723}.Debug|Any CPU.Build.0 = Debug|Any CPU
		{E736BC6F-9B1C-4FC1-A03C-23EC5CA3C723}.Release|Any CPU.ActiveCfg = Release|Any CPU
		{E736BC6F-9B1C-4FC1-A03C-23EC5CA3C723}.Release|Any CPU.Build.0 = Release|Any CPU
		{7EA0C459-D3DA-4F9A-8937-B21E166102CA}.Debug|Any CPU.ActiveCfg = Debug|Any CPU
		{7EA0C459-D3DA-4F9A-8937-B21E166102CA}.Debug|Any CPU.Build.0 = Debug|Any CPU
		{7EA0C459-D3DA-4F9A-8937-B21E166102CA}.Release|Any CPU.ActiveCfg = Release|Any CPU
		{7EA0C459-D3DA-4F9A-8937-B21E166102CA}.Release|Any CPU.Build.0 = Release|Any CPU
		{9B53530E-7F7A-4A6D-B645-55AADA5D1EBC}.Debug|Any CPU.ActiveCfg = Debug|Any CPU
		{9B53530E-7F7A-4A6D-B645-55AADA5D1EBC}.Debug|Any CPU.Build.0 = Debug|Any CPU
		{9B53530E-7F7A-4A6D-B645-55AADA5D1EBC}.Release|Any CPU.ActiveCfg = Release|Any CPU
		{9B53530E-7F7A-4A6D-B645-55AADA5D1EBC}.Release|Any CPU.Build.0 = Release|Any CPU
	EndGlobalSection
	GlobalSection(SolutionProperties) = preSolution
		HideSolutionNode = FALSE
	EndGlobalSection
	GlobalSection(ExtensibilityGlobals) = postSolution
		SolutionGuid = {C9E653D4-FFDD-4D44-9E7C-F773617D9145}
	EndGlobalSection
EndGlobal
